
Microsoft Visual Studio Solution File, Format Version 12.00
# Visual Studio 15
VisualStudioVersion = 15.0.28010.2019
MinimumVisualStudioVersion = 10.0.40219.1
Project("{FAE04EC0-301F-11D3-BF4B-00C04F79EFBC}") = "ceszarp", "ceszarp\ceszarp.csproj", "{7A02F7F2-9C3E-4E3F-A901-D616FBA3EBD6}"
EndProject
Global
	GlobalSection(SolutionConfigurationPlatforms) = preSolution
		Debug|Any CPU = Debug|Any CPU
		Release|Any CPU = Release|Any CPU
	EndGlobalSection
	GlobalSection(ProjectConfigurationPlatforms) = postSolution
		{7A02F7F2-9C3E-4E3F-A901-D616FBA3EBD6}.Debug|Any CPU.ActiveCfg = Debug|Any CPU
		{7A02F7F2-9C3E-4E3F-A901-D616FBA3EBD6}.Debug|Any CPU.Build.0 = Debug|Any CPU
		{7A02F7F2-9C3E-4E3F-A901-D616FBA3EBD6}.Release|Any CPU.ActiveCfg = Release|Any CPU
		{7A02F7F2-9C3E-4E3F-A901-D616FBA3EBD6}.Release|Any CPU.Build.0 = Release|Any CPU
	EndGlobalSection
	GlobalSection(SolutionProperties) = preSolution
		HideSolutionNode = FALSE
	EndGlobalSection
	GlobalSection(ExtensibilityGlobals) = postSolution
		SolutionGuid = {B9F805E6-DDED-4AE9-95A1-4D19D5E236EF}
	EndGlobalSection
EndGlobal
